
Microsoft Visual Studio Solution File, Format Version 12.00
# Visual Studio Version 17
VisualStudioVersion = 17.6.33815.320
MinimumVisualStudioVersion = 10.0.40219.1
Project("{FAE04EC0-301F-11D3-BF4B-00C04F79EFBC}") = "Method Demo", "Method Demo.csproj", "{00EC31DB-A981-435A-BB1E-B4B7327A5746}"
EndProject
Global
	GlobalSection(SolutionConfigurationPlatforms) = preSolution
		Debug|Any CPU = Debug|Any CPU
		Release|Any CPU = Release|Any CPU
	EndGlobalSection
	GlobalSection(ProjectConfigurationPlatforms) = postSolution
		{00EC31DB-A981-435A-BB1E-B4B7327A5746}.Debug|Any CPU.ActiveCfg = Debug|Any CPU
		{00EC31DB-A981-435A-BB1E-B4B7327A5746}.Debug|Any CPU.Build.0 = Debug|Any CPU
		{00EC31DB-A981-435A-BB1E-B4B7327A5746}.Release|Any CPU.ActiveCfg = Release|Any CPU
		{00EC31DB-A981-435A-BB1E-B4B7327A5746}.Release|Any CPU.Build.0 = Release|Any CPU
	EndGlobalSection
	GlobalSection(SolutionProperties) = preSolution
		HideSolutionNode = FALSE
	EndGlobalSection
	GlobalSection(ExtensibilityGlobals) = postSolution
		SolutionGuid = {1703409A-B1B3-44A4-A5D1-B1589C721177}
	EndGlobalSection
EndGlobal
